
Microsoft Visual Studio Solution File, Format Version 12.00
# Visual Studio Version 16
VisualStudioVersion = 16.0.31911.196
MinimumVisualStudioVersion = 10.0.40219.1
Project("{FAE04EC0-301F-11D3-BF4B-00C04F79EFBC}") = "FrismMain", "FrismMain\FrismMain.csproj", "{82BB0A35-CC95-4698-AF86-B4CF1656FDBF}"
EndProject
Global
	GlobalSection(SolutionConfigurationPlatforms) = preSolution
		Debug|Any CPU = Debug|Any CPU
		Debug|x64 = Debug|x64
		Release|Any CPU = Release|Any CPU
		Release|x64 = Release|x64
	EndGlobalSection
	GlobalSection(ProjectConfigurationPlatforms) = postSolution
		{82BB0A35-CC95-4698-AF86-B4CF1656FDBF}.Debug|Any CPU.ActiveCfg = Debug|Any CPU
		{82BB0A35-CC95-4698-AF86-B4CF1656FDBF}.Debug|Any CPU.Build.0 = Debug|Any CPU
		{82BB0A35-CC95-4698-AF86-B4CF1656FDBF}.Debug|x64.ActiveCfg = Debug|x64
		{82BB0A35-CC95-4698-AF86-B4CF1656FDBF}.Debug|x64.Build.0 = Debug|x64
		{82BB0A35-CC95-4698-AF86-B4CF1656FDBF}.Release|Any CPU.ActiveCfg = Release|Any CPU
		{82BB0A35-CC95-4698-AF86-B4CF1656FDBF}.Release|Any CPU.Build.0 = Release|Any CPU
		{82BB0A35-CC95-4698-AF86-B4CF1656FDBF}.Release|x64.ActiveCfg = Release|x64
		{82BB0A35-CC95-4698-AF86-B4CF1656FDBF}.Release|x64.Build.0 = Release|x64
	EndGlobalSection
	GlobalSection(SolutionProperties) = preSolution
		HideSolutionNode = FALSE
	EndGlobalSection
	GlobalSection(ExtensibilityGlobals) = postSolution
		SolutionGuid = {F8ABEEA3-40D3-4CC7-A3F1-5D2D13F0EE51}
	EndGlobalSection
EndGlobal
